
Microsoft Visual Studio Solution File, Format Version 12.00
# Visual Studio Version 17
VisualStudioVersion = 17.0.31903.59
MinimumVisualStudioVersion = 10.0.40219.1
Project("{FAE04EC0-301F-11D3-BF4B-00C04F79EFBC}") = "Rekey", "Rekey\Rekey.csproj", "{A1B2C3D4-E5F6-7890-ABCD-EF1234567890}"
EndProject
Project("{FAE04EC0-301F-11D3-BF4B-00C04F79EFBC}") = "Rekey.Tests", "Rekey.Tests\Rekey.Tests.csproj", "{B2C3D4E5-F6A7-8901-BCDE-F12345678901}"
EndProject
Project("{2150E333-8FDC-42A3-9474-1A3956D46DE8}") = "tools", "tools", "{07C2787E-EAC7-C090-1BA3-A61EC2A24D84}"
EndProject
Project("{FAE04EC0-301F-11D3-BF4B-00C04F79EFBC}") = "Rekey.DictGen", "tools\Rekey.DictGen\Rekey.DictGen.csproj", "{82D4720F-C604-4BBB-922A-8772C0430B6F}"
EndProject
Project("{2150E333-8FDC-42A3-9474-1A3956D46DE8}") = "demo", "demo", "{A39C23D2-F2C0-258D-165A-CF1E7FEE6E7B}"
EndProject
Project("{FAE04EC0-301F-11D3-BF4B-00C04F79EFBC}") = "Rekey.Demo", "demo\Rekey.Demo\Rekey.Demo.csproj", "{FC7FAACC-06A9-4DED-AA90-44F9509194FC}"
EndProject
Project("{FAE04EC0-301F-11D3-BF4B-00C04F79EFBC}") = "Rekey.Benchmarks", "tools\Rekey.Benchmarks\Rekey.Benchmarks.csproj", "{DA2E8EE1-0B57-4A2A-A825-668CCF735BB5}"
EndProject
Global
	GlobalSection(SolutionConfigurationPlatforms) = preSolution
		Debug|Any CPU = Debug|Any CPU
		Debug|x64 = Debug|x64
		Debug|x86 = Debug|x86
		Release|Any CPU = Release|Any CPU
		Release|x64 = Release|x64
		Release|x86 = Release|x86
	EndGlobalSection
	GlobalSection(ProjectConfigurationPlatforms) = postSolution
		{A1B2C3D4-E5F6-7890-ABCD-EF1234567890}.Debug|Any CPU.ActiveCfg = Debug|Any CPU
		{A1B2C3D4-E5F6-7890-ABCD-EF1234567890}.Debug|Any CPU.Build.0 = Debug|Any CPU
		{A1B2C3D4-E5F6-7890-ABCD-EF1234567890}.Debug|x64.ActiveCfg = Debug|Any CPU
		{A1B2C3D4-E5F6-7890-ABCD-EF1234567890}.Debug|x64.Build.0 = Debug|Any CPU
		{A1B2C3D4-E5F6-7890-ABCD-EF1234567890}.Debug|x86.ActiveCfg = Debug|Any CPU
		{A1B2C3D4-E5F6-7890-ABCD-EF1234567890}.Debug|x86.Build.0 = Debug|Any CPU
		{A1B2C3D4-E5F6-7890-ABCD-EF1234567890}.Release|Any CPU.ActiveCfg = Release|Any CPU
		{A1B2C3D4-E5F6-7890-ABCD-EF1234567890}.Release|Any CPU.Build.0 = Release|Any CPU
		{A1B2C3D4-E5F6-7890-ABCD-EF1234567890}.Release|x64.ActiveCfg = Release|Any CPU
		{A1B2C3D4-E5F6-7890-ABCD-EF1234567890}.Release|x64.Build.0 = Release|Any CPU
		{A1B2C3D4-E5F6-7890-ABCD-EF1234567890}.Release|x86.ActiveCfg = Release|Any CPU
		{A1B2C3D4-E5F6-7890-ABCD-EF1234567890}.Release|x86.Build.0 = Release|Any CPU
		{B2C3D4E5-F6A7-8901-BCDE-F12345678901}.Debug|Any CPU.ActiveCfg = Debug|Any CPU
		{B2C3D4E5-F6A7-8901-BCDE-F12345678901}.Debug|Any CPU.Build.0 = Debug|Any CPU
		{B2C3D4E5-F6A7-8901-BCDE-F12345678901}.Debug|x64.ActiveCfg = Debug|Any CPU
		{B2C3D4E5-F6A7-8901-BCDE-F12345678901}.Debug|x64.Build.0 = Debug|Any CPU
		{B2C3D4E5-F6A7-8901-BCDE-F12345678901}.Debug|x86.ActiveCfg = Debug|Any CPU
		{B2C3D4E5-F6A7-8901-BCDE-F12345678901}.Debug|x86.Build.0 = Debug|Any CPU
		{B2C3D4E5-F6A7-8901-BCDE-F12345678901}.Release|Any CPU.ActiveCfg = Release|Any CPU
		{B2C3D4E5-F6A7-8901-BCDE-F12345678901}.Release|Any CPU.Build.0 = Release|Any CPU
		{B2C3D4E5-F6A7-8901-BCDE-F12345678901}.Release|x64.ActiveCfg = Release|Any CPU
		{B2C3D4E5-F6A7-8901-BCDE-F12345678901}.Release|x64.Build.0 = Release|Any CPU
		{B2C3D4E5-F6A7-8901-BCDE-F12345678901}.Release|x86.ActiveCfg = Release|Any CPU
		{B2C3D4E5-F6A7-8901-BCDE-F12345678901}.Release|x86.Build.0 = Release|Any CPU
		{82D4720F-C604-4BBB-922A-8772C0430B6F}.Debug|Any CPU.ActiveCfg = Debug|Any CPU
		{82D4720F-C604-4BBB-922A-8772C0430B6F}.Debug|Any CPU.Build.0 = Debug|Any CPU
		{82D4720F-C604-4BBB-922A-8772C0430B6F}.Debug|x64.ActiveCfg = Debug|Any CPU
		{82D4720F-C604-4BBB-922A-8772C0430B6F}.Debug|x64.Build.0 = Debug|Any CPU
		{82D4720F-C604-4BBB-922A-8772C0430B6F}.Debug|x86.ActiveCfg = Debug|Any CPU
		{82D4720F-C604-4BBB-922A-8772C0430B6F}.Debug|x86.Build.0 = Debug|Any CPU
		{82D4720F-C604-4BBB-922A-8772C0430B6F}.Release|Any CPU.ActiveCfg = Release|Any CPU
		{82D4720F-C604-4BBB-922A-8772C0430B6F}.Release|Any CPU.Build.0 = Release|Any CPU
		{82D4720F-C604-4BBB-922A-8772C0430B6F}.Release|x64.ActiveCfg = Release|Any CPU
		{82D4720F-C604-4BBB-922A-8772C0430B6F}.Release|x64.Build.0 = Release|Any CPU
		{82D4720F-C604-4BBB-922A-8772C0430B6F}.Release|x86.ActiveCfg = Release|Any CPU
		{82D4720F-C604-4BBB-922A-8772C0430B6F}.Release|x86.Build.0 = Release|Any CPU
		{FC7FAACC-06A9-4DED-AA90-44F9509194FC}.Debug|Any CPU.ActiveCfg = Debug|Any CPU
		{FC7FAACC-06A9-4DED-AA90-44F9509194FC}.Debug|Any CPU.Build.0 = Debug|Any CPU
		{FC7FAACC-06A9-4DED-AA90-44F9509194FC}.Debug|x64.ActiveCfg = Debug|Any CPU
		{FC7FAACC-06A9-4DED-AA90-44F9509194FC}.Debug|x64.Build.0 = Debug|Any CPU
		{FC7FAACC-06A9-4DED-AA90-44F9509194FC}.Debug|x86.ActiveCfg = Debug|Any CPU
		{FC7FAACC-06A9-4DED-AA90-44F9509194FC}.Debug|x86.Build.0 = Debug|Any CPU
		{FC7FAACC-06A9-4DED-AA90-44F9509194FC}.Release|Any CPU.ActiveCfg = Release|Any CPU
		{FC7FAACC-06A9-4DED-AA90-44F9509194FC}.Release|Any CPU.Build.0 = Release|Any CPU
		{FC7FAACC-06A9-4DED-AA90-44F9509194FC}.Release|x64.ActiveCfg = Release|Any CPU
		{FC7FAACC-06A9-4DED-AA90-44F9509194FC}.Release|x64.Build.0 = Release|Any CPU
		{FC7FAACC-06A9-4DED-AA90-44F9509194FC}.Release|x86.ActiveCfg = Release|Any CPU
		{FC7FAACC-06A9-4DED-AA90-44F9509194FC}.Release|x86.Build.0 = Release|Any CPU
		{DA2E8EE1-0B57-4A2A-A825-668CCF735BB5}.Debug|Any CPU.ActiveCfg = Debug|Any CPU
		{DA2E8EE1-0B57-4A2A-A825-668CCF735BB5}.Debug|Any CPU.Build.0 = Debug|Any CPU
		{DA2E8EE1-0B57-4A2A-A825-668CCF735BB5}.Debug|x64.ActiveCfg = Debug|Any CPU
		{DA2E8EE1-0B57-4A2A-A825-668CCF735BB5}.Debug|x64.Build.0 = Debug|Any CPU
		{DA2E8EE1-0B57-4A2A-A825-668CCF735BB5}.Debug|x86.ActiveCfg = Debug|Any CPU
		{DA2E8EE1-0B57-4A2A-A825-668CCF735BB5}.Debug|x86.Build.0 = Debug|Any CPU
		{DA2E8EE1-0B57-4A2A-A825-668CCF735BB5}.Release|Any CPU.ActiveCfg = Release|Any CPU
		{DA2E8EE1-0B57-4A2A-A825-668CCF735BB5}.Release|Any CPU.Build.0 = Release|Any CPU
		{DA2E8EE1-0B57-4A2A-A825-668CCF735BB5}.Release|x64.ActiveCfg = Release|Any CPU
		{DA2E8EE1-0B57-4A2A-A825-668CCF735BB5}.Release|x64.Build.0 = Release|Any CPU
		{DA2E8EE1-0B57-4A2A-A825-668CCF735BB5}.Release|x86.ActiveCfg = Release|Any CPU
		{DA2E8EE1-0B57-4A2A-A825-668CCF735BB5}.Release|x86.Build.0 = Release|Any CPU
	EndGlobalSection
	GlobalSection(SolutionProperties) = preSolution
		HideSolutionNode = FALSE
	EndGlobalSection
	GlobalSection(NestedProjects) = preSolution
		{82D4720F-C604-4BBB-922A-8772C0430B6F} = {07C2787E-EAC7-C090-1BA3-A61EC2A24D84}
		{FC7FAACC-06A9-4DED-AA90-44F9509194FC} = {A39C23D2-F2C0-258D-165A-CF1E7FEE6E7B}
		{DA2E8EE1-0B57-4A2A-A825-668CCF735BB5} = {07C2787E-EAC7-C090-1BA3-A61EC2A24D84}
	EndGlobalSection
EndGlobal
